
Microsoft Visual Studio Solution File, Format Version 12.00
# Visual Studio Version 17
VisualStudioVersion = 17.3.32811.315
MinimumVisualStudioVersion = 10.0.40219.1
Project("{8BC9CEB8-8B4A-11D0-8D11-00A0C91BC942}") = "Shaikhutdinov", "Shaikhutdinov\Shaikhutdinov.vcxproj", "{7F77C3EB-6B6C-4316-8DE5-7E3BC1EEFDCD}"
EndProject
Global
	GlobalSection(SolutionConfigurationPlatforms) = preSolution
		Debug|x64 = Debug|x64
		Debug|x86 = Debug|x86
		Release|x64 = Release|x64
		Release|x86 = Release|x86
	EndGlobalSection
	GlobalSection(ProjectConfigurationPlatforms) = postSolution
		{7F77C3EB-6B6C-4316-8DE5-7E3BC1EEFDCD}.Debug|x64.ActiveCfg = Debug|x64
		{7F77C3EB-6B6C-4316-8DE5-7E3BC1EEFDCD}.Debug|x64.Build.0 = Debug|x64
		{7F77C3EB-6B6C-4316-8DE5-7E3BC1EEFDCD}.Debug|x86.ActiveCfg = Debug|Win32
		{7F77C3EB-6B6C-4316-8DE5-7E3BC1EEFDCD}.Debug|x86.Build.0 = Debug|Win32
		{7F77C3EB-6B6C-4316-8DE5-7E3BC1EEFDCD}.Release|x64.ActiveCfg = Release|x64
		{7F77C3EB-6B6C-4316-8DE5-7E3BC1EEFDCD}.Release|x64.Build.0 = Release|x64
		{7F77C3EB-6B6C-4316-8DE5-7E3BC1EEFDCD}.Release|x86.ActiveCfg = Release|Win32
		{7F77C3EB-6B6C-4316-8DE5-7E3BC1EEFDCD}.Release|x86.Build.0 = Release|Win32
	EndGlobalSection
	GlobalSection(SolutionProperties) = preSolution
		HideSolutionNode = FALSE
	EndGlobalSection
	GlobalSection(ExtensibilityGlobals) = postSolution
		SolutionGuid = {CF0C9511-F627-4072-A895-49BA782D27A8}
	EndGlobalSection
EndGlobal
